// !$*UTF8*$!
{
	archiveVersion = 1;
	classes = {
	};
	objectVersion = 51;
	objects = {

/* Begin PBXBuildFile section */
		1497418CB0AB85E07AA3BFA3 /* Pods_Gifer.framework in Frameworks */ = {isa = PBXBuildFile; fileRef = 4B9D459443514111E807B831 /* Pods_Gifer.framework */; };
		8C203F7B256BBD0600289D5E /* AppDelegate.swift in Sources */ = {isa = PBXBuildFile; fileRef = 8C203F7A256BBD0600289D5E /* AppDelegate.swift */; };
		8C203F7D256BBD0600289D5E /* SceneDelegate.swift in Sources */ = {isa = PBXBuildFile; fileRef = 8C203F7C256BBD0600289D5E /* SceneDelegate.swift */; };
		8C203F7F256BBD0600289D5E /* ViewController.swift in Sources */ = {isa = PBXBuildFile; fileRef = 8C203F7E256BBD0600289D5E /* ViewController.swift */; };
		8C203F82256BBD0600289D5E /* Main.storyboard in Resources */ = {isa = PBXBuildFile; fileRef = 8C203F80256BBD0600289D5E /* Main.storyboard */; };
		8C203F84256BBD0800289D5E /* Assets.xcassets in Resources */ = {isa = PBXBuildFile; fileRef = 8C203F83256BBD0800289D5E /* Assets.xcassets */; };
		8C203F87256BBD0800289D5E /* LaunchScreen.storyboard in Resources */ = {isa = PBXBuildFile; fileRef = 8C203F85256BBD0800289D5E /* LaunchScreen.storyboard */; };
		8C203F8F256BBD1A00289D5E /* GifResponse.swift in Sources */ = {isa = PBXBuildFile; fileRef = 8C203F8E256BBD1A00289D5E /* GifResponse.swift */; };
		8C432AB2256BBF6100C0E4DA /* netClient.swift in Sources */ = {isa = PBXBuildFile; fileRef = 8C432AB1256BBF6100C0E4DA /* netClient.swift */; };
		8C432AB6256BD82B00C0E4DA /* Gif.swift in Sources */ = {isa = PBXBuildFile; fileRef = 8C432AB5256BD82B00C0E4DA /* Gif.swift */; };
		8C432AB9256BE50E00C0E4DA /* GifCell.swift in Sources */ = {isa = PBXBuildFile; fileRef = 8C432AB8256BE50E00C0E4DA /* GifCell.swift */; };
		8CC8A1AB256CF2CD001E2259 /* Gif+Ext.swift in Sources */ = {isa = PBXBuildFile; fileRef = 8CC8A1AA256CF2CD001E2259 /* Gif+Ext.swift */; };
		8CC8A1AD256CF4A3001E2259 /* LaunchViewController.swift in Sources */ = {isa = PBXBuildFile; fileRef = 8CC8A1AC256CF4A3001E2259 /* LaunchViewController.swift */; };
		8CC8A1B3256D2271001E2259 /* SearchResponse.swift in Sources */ = {isa = PBXBuildFile; fileRef = 8CC8A1B2256D2271001E2259 /* SearchResponse.swift */; };
		8CC8A1B5256D3CB4001E2259 /* SavedGifs.swift in Sources */ = {isa = PBXBuildFile; fileRef = 8CC8A1B4256D3CB4001E2259 /* SavedGifs.swift */; };
		8CC8A1B7256D41D2001E2259 /* CollectionView+ContexMenu.swift in Sources */ = {isa = PBXBuildFile; fileRef = 8CC8A1B6256D41D2001E2259 /* CollectionView+ContexMenu.swift */; };
		8CC8A1BC256D4A81001E2259 /* Gifer.xcdatamodeld in Sources */ = {isa = PBXBuildFile; fileRef = 8CC8A1BA256D4A81001E2259 /* Gifer.xcdatamodeld */; };
		8CC8A1BE256D4BC4001E2259 /* DataController.swift in Sources */ = {isa = PBXBuildFile; fileRef = 8CC8A1BD256D4BC4001E2259 /* DataController.swift */; };
		8CC8A1C0256E4A3D001E2259 /* UITableView+Ext.swift in Sources */ = {isa = PBXBuildFile; fileRef = 8CC8A1BF256E4A3D001E2259 /* UITableView+Ext.swift */; };
		8CC8A1C2256E5318001E2259 /* PreviewViewController.swift in Sources */ = {isa = PBXBuildFile; fileRef = 8CC8A1C1256E5318001E2259 /* PreviewViewController.swift */; };
		8CC8A1C4256EA458001E2259 /* README.txt in Resources */ = {isa = PBXBuildFile; fileRef = 8CC8A1C3256EA458001E2259 /* README.txt */; };
/* End PBXBuildFile section */

/* Begin PBXFileReference section */
		0F3D4669A3EAAD29EE9B5ED4 /* Pods-Gifer.release.xcconfig */ = {isa = PBXFileReference; includeInIndex = 1; lastKnownFileType = text.xcconfig; name = "Pods-Gifer.release.xcconfig"; path = "Target Support Files/Pods-Gifer/Pods-Gifer.release.xcconfig"; sourceTree = "<group>"; };
		4B9D459443514111E807B831 /* Pods_Gifer.framework */ = {isa = PBXFileReference; explicitFileType = wrapper.framework; includeInIndex = 0; path = Pods_Gifer.framework; sourceTree = BUILT_PRODUCTS_DIR; };
		6A474B75C412674489E9CA77 /* Pods-Gifer.debug.xcconfig */ = {isa = PBXFileReference; includeInIndex = 1; lastKnownFileType = text.xcconfig; name = "Pods-Gifer.debug.xcconfig"; path = "Target Support Files/Pods-Gifer/Pods-Gifer.debug.xcconfig"; sourceTree = "<group>"; };
		8C203F77256BBD0600289D5E /* Gifer.app */ = {isa = PBXFileReference; explicitFileType = wrapper.application; includeInIndex = 0; path = Gifer.app; sourceTree = BUILT_PRODUCTS_DIR; };
		8C203F7A256BBD0600289D5E /* AppDelegate.swift */ = {isa = PBXFileReference; lastKnownFileType = sourcecode.swift; path = AppDelegate.swift; sourceTree = "<group>"; };
		8C203F7C256BBD0600289D5E /* SceneDelegate.swift */ = {isa = PBXFileReference; lastKnownFileType = sourcecode.swift; path = SceneDelegate.swift; sourceTree = "<group>"; };
		8C203F7E256BBD0600289D5E /* ViewController.swift */ = {isa = PBXFileReference; lastKnownFileType = sourcecode.swift; path = ViewController.swift; sourceTree = "<group>"; };
		8C203F81256BBD0600289D5E /* Base */ = {isa = PBXFileReference; lastKnownFileType = file.storyboard; name = Base; path = Base.lproj/Main.storyboard; sourceTree = "<group>"; };
		8C203F83256BBD0800289D5E /* Assets.xcassets */ = {isa = PBXFileReference; lastKnownFileType = folder.assetcatalog; path = Assets.xcassets; sourceTree = "<group>"; };
		8C203F86256BBD0800289D5E /* Base */ = {isa = PBXFileReference; lastKnownFileType = file.storyboard; name = Base; path = Base.lproj/LaunchScreen.storyboard; sourceTree = "<group>"; };
		8C203F88256BBD0800289D5E /* Info.plist */ = {isa = PBXFileReference; lastKnownFileType = text.plist.xml; path = Info.plist; sourceTree = "<group>"; };
		8C203F8E256BBD1A00289D5E /* GifResponse.swift */ = {isa = PBXFileReference; lastKnownFileType = sourcecode.swift; path = GifResponse.swift; sourceTree = "<group>"; };
		8C432AB1256BBF6100C0E4DA /* netClient.swift */ = {isa = PBXFileReference; lastKnownFileType = sourcecode.swift; path = netClient.swift; sourceTree = "<group>"; };
		8C432AB5256BD82B00C0E4DA /* Gif.swift */ = {isa = PBXFileReference; lastKnownFileType = sourcecode.swift; path = Gif.swift; sourceTree = "<group>"; };
		8C432AB8256BE50E00C0E4DA /* GifCell.swift */ = {isa = PBXFileReference; lastKnownFileType = sourcecode.swift; path = GifCell.swift; sourceTree = "<group>"; };
		8CC8A1AA256CF2CD001E2259 /* Gif+Ext.swift */ = {isa = PBXFileReference; lastKnownFileType = sourcecode.swift; path = "Gif+Ext.swift"; sourceTree = "<group>"; };
		8CC8A1AC256CF4A3001E2259 /* LaunchViewController.swift */ = {isa = PBXFileReference; lastKnownFileType = sourcecode.swift; path = LaunchViewController.swift; sourceTree = "<group>"; };
		8CC8A1B2256D2271001E2259 /* SearchResponse.swift */ = {isa = PBXFileReference; lastKnownFileType = sourcecode.swift; path = SearchResponse.swift; sourceTree = "<group>"; };
		8CC8A1B4256D3CB4001E2259 /* SavedGifs.swift */ = {isa = PBXFileReference; lastKnownFileType = sourcecode.swift; path = SavedGifs.swift; sourceTree = "<group>"; };
		8CC8A1B6256D41D2001E2259 /* CollectionView+ContexMenu.swift */ = {isa = PBXFileReference; lastKnownFileType = sourcecode.swift; path = "CollectionView+ContexMenu.swift"; sourceTree = "<group>"; };
		8CC8A1BB256D4A81001E2259 /* Gifer.xcdatamodel */ = {isa = PBXFileReference; lastKnownFileType = wrapper.xcdatamodel; path = Gifer.xcdatamodel; sourceTree = "<group>"; };
		8CC8A1BD256D4BC4001E2259 /* DataController.swift */ = {isa = PBXFileReference; lastKnownFileType = sourcecode.swift; path = DataController.swift; sourceTree = "<group>"; };
		8CC8A1BF256E4A3D001E2259 /* UITableView+Ext.swift */ = {isa = PBXFileReference; lastKnownFileType = sourcecode.swift; path = "UITableView+Ext.swift"; sourceTree = "<group>"; };
		8CC8A1C1256E5318001E2259 /* PreviewViewController.swift */ = {isa = PBXFileReference; lastKnownFileType = sourcecode.swift; path = PreviewViewController.swift; sourceTree = "<group>"; };
		8CC8A1C3256EA458001E2259 /* README.txt */ = {isa = PBXFileReference; fileEncoding = 4; lastKnownFileType = text; path = README.txt; sourceTree = SOURCE_ROOT; };
/* End PBXFileReference section */

/* Begin PBXFrameworksBuildPhase section */
		8C203F74256BBD0600289D5E /* Frameworks */ = {
			isa = PBXFrameworksBuildPhase;
			buildActionMask = 2147483647;
			files = (
				1497418CB0AB85E07AA3BFA3 /* Pods_Gifer.framework in Frameworks */,
			);
			runOnlyForDeploymentPostprocessing = 0;
		};
/* End PBXFrameworksBuildPhase section */

/* Begin PBXGroup section */
		4D90610E828C1F12A24477CA /* Pods */ = {
			isa = PBXGroup;
			children = (
				6A474B75C412674489E9CA77 /* Pods-Gifer.debug.xcconfig */,
				0F3D4669A3EAAD29EE9B5ED4 /* Pods-Gifer.release.xcconfig */,
			);
			path = Pods;
			sourceTree = "<group>";
		};
		7F736C15662697653DED3F84 /* Frameworks */ = {
			isa = PBXGroup;
			children = (
				4B9D459443514111E807B831 /* Pods_Gifer.framework */,
			);
			name = Frameworks;
			sourceTree = "<group>";
		};
		8C203F6E256BBD0600289D5E = {
			isa = PBXGroup;
			children = (
				8C203F79256BBD0600289D5E /* Gifer */,
				8C203F78256BBD0600289D5E /* Products */,
				4D90610E828C1F12A24477CA /* Pods */,
				7F736C15662697653DED3F84 /* Frameworks */,
			);
			sourceTree = "<group>";
		};
		8C203F78256BBD0600289D5E /* Products */ = {
			isa = PBXGroup;
			children = (
				8C203F77256BBD0600289D5E /* Gifer.app */,
			);
			name = Products;
			sourceTree = "<group>";
		};
		8C203F79256BBD0600289D5E /* Gifer */ = {
			isa = PBXGroup;
			children = (
				8CC8A1C3256EA458001E2259 /* README.txt */,
				8C203F7A256BBD0600289D5E /* AppDelegate.swift */,
				8C203F7C256BBD0600289D5E /* SceneDelegate.swift */,
				8C432AB4256BD81F00C0E4DA /* Models */,
				8CC8A1B8256D494E001E2259 /* Extensions */,
				8C432AB7256BE4DF00C0E4DA /* Cell */,
				8C432AB3256BD81200C0E4DA /* controllers */,
				8C432AB0256BBF4700C0E4DA /* Network */,
				8CC8A1B9256D497E001E2259 /* Storyboards */,
				8C203F83256BBD0800289D5E /* Assets.xcassets */,
				8C203F88256BBD0800289D5E /* Info.plist */,
			);
			path = Gifer;
			sourceTree = "<group>";
		};
		8C432AB0256BBF4700C0E4DA /* Network */ = {
			isa = PBXGroup;
			children = (
				8C203F8E256BBD1A00289D5E /* GifResponse.swift */,
				8C432AB1256BBF6100C0E4DA /* netClient.swift */,
				8CC8A1B2256D2271001E2259 /* SearchResponse.swift */,
			);
			path = Network;
			sourceTree = "<group>";
		};
		8C432AB3256BD81200C0E4DA /* controllers */ = {
			isa = PBXGroup;
			children = (
				8C203F7E256BBD0600289D5E /* ViewController.swift */,
				8CC8A1C1256E5318001E2259 /* PreviewViewController.swift */,
				8CC8A1B4256D3CB4001E2259 /* SavedGifs.swift */,
				8CC8A1AC256CF4A3001E2259 /* LaunchViewController.swift */,
			);
			path = controllers;
			sourceTree = "<group>";
		};
		8C432AB4256BD81F00C0E4DA /* Models */ = {
			isa = PBXGroup;
			children = (
				8C432AB5256BD82B00C0E4DA /* Gif.swift */,
				8CC8A1BA256D4A81001E2259 /* Gifer.xcdatamodeld */,
				8CC8A1BD256D4BC4001E2259 /* DataController.swift */,
			);
			path = Models;
			sourceTree = "<group>";
		};
		8C432AB7256BE4DF00C0E4DA /* Cell */ = {
			isa = PBXGroup;
			children = (
				8C432AB8256BE50E00C0E4DA /* GifCell.swift */,
			);
			name = Cell;
			path = controllers;
			sourceTree = "<group>";
		};
		8CC8A1B8256D494E001E2259 /* Extensions */ = {
			isa = PBXGroup;
			children = (
				8CC8A1AA256CF2CD001E2259 /* Gif+Ext.swift */,
				8CC8A1B6256D41D2001E2259 /* CollectionView+ContexMenu.swift */,
				8CC8A1BF256E4A3D001E2259 /* UITableView+Ext.swift */,
			);
			path = Extensions;
			sourceTree = "<group>";
		};
		8CC8A1B9256D497E001E2259 /* Storyboards */ = {
			isa = PBXGroup;
			children = (
				8C203F80256BBD0600289D5E /* Main.storyboard */,
				8C203F85256BBD0800289D5E /* LaunchScreen.storyboard */,
			);
			path = Storyboards;
			sourceTree = "<group>";
		};
/* End PBXGroup section */

/* Begin PBXNativeTarget section */
		8C203F76256BBD0600289D5E /* Gifer */ = {
			isa = PBXNativeTarget;
			buildConfigurationList = 8C203F8B256BBD0800289D5E /* Build configuration list for PBXNativeTarget "Gifer" */;
			buildPhases = (
				8784C28B8DC93AFB3A712C50 /* [CP] Check Pods Manifest.lock */,
				8C203F73256BBD0600289D5E /* Sources */,
				8C203F74256BBD0600289D5E /* Frameworks */,
				8C203F75256BBD0600289D5E /* Resources */,
				3D5CBE00E861C7E8ECE863D4 /* [CP] Embed Pods Frameworks */,
			);
			buildRules = (
			);
			dependencies = (
			);
			name = Gifer;
			productName = Gifer;
			productReference = 8C203F77256BBD0600289D5E /* Gifer.app */;
			productType = "com.apple.product-type.application";
		};
/* End PBXNativeTarget section */

/* Begin PBXProject section */
		8C203F6F256BBD0600289D5E /* Project object */ = {
			isa = PBXProject;
			attributes = {
				LastSwiftUpdateCheck = 1130;
				LastUpgradeCheck = 1130;
				ORGANIZATIONNAME = Udacity;
				TargetAttributes = {
					8C203F76256BBD0600289D5E = {
						CreatedOnToolsVersion = 11.3.1;
					};
				};
			};
			buildConfigurationList = 8C203F72256BBD0600289D5E /* Build configuration list for PBXProject "Gifer" */;
			compatibilityVersion = "Xcode 9.3";
			developmentRegion = en;
			hasScannedForEncodings = 0;
			knownRegions = (
				en,
				Base,
			);
			mainGroup = 8C203F6E256BBD0600289D5E;
			productRefGroup = 8C203F78256BBD0600289D5E /* Products */;
			projectDirPath = "";
			projectRoot = "";
			targets = (
				8C203F76256BBD0600289D5E /* Gifer */,
			);
		};
/* End PBXProject section */

/* Begin PBXResourcesBuildPhase section */
		8C203F75256BBD0600289D5E /* Resources */ = {
			isa = PBXResourcesBuildPhase;
			buildActionMask = 2147483647;
			files = (
				8C203F87256BBD0800289D5E /* LaunchScreen.storyboard in Resources */,
				8C203F84256BBD0800289D5E /* Assets.xcassets in Resources */,
				8CC8A1C4256EA458001E2259 /* README.txt in Resources */,
				8C203F82256BBD0600289D5E /* Main.storyboard in Resources */,
			);
			runOnlyForDeploymentPostprocessing = 0;
		};
/* End PBXResourcesBuildPhase section */

/* Begin PBXShellScriptBuildPhase section */
		3D5CBE00E861C7E8ECE863D4 /* [CP] Embed Pods Frameworks */ = {
			isa = PBXShellScriptBuildPhase;
			buildActionMask = 2147483647;
			files = (
			);
			inputFileListPaths = (
				"${PODS_ROOT}/Target Support Files/Pods-Gifer/Pods-Gifer-frameworks-${CONFIGURATION}-input-files.xcfilelist",
			);
			name = "[CP] Embed Pods Frameworks";
			outputFileListPaths = (
				"${PODS_ROOT}/Target Support Files/Pods-Gifer/Pods-Gifer-frameworks-${CONFIGURATION}-output-files.xcfilelist",
			);
			runOnlyForDeploymentPostprocessing = 0;
			shellPath = /bin/sh;
			shellScript = "\"${PODS_ROOT}/Target Support Files/Pods-Gifer/Pods-Gifer-frameworks.sh\"\n";
			showEnvVarsInLog = 0;
		};
		8784C28B8DC93AFB3A712C50 /* [CP] Check Pods Manifest.lock */ = {
			isa = PBXShellScriptBuildPhase;
			buildActionMask = 2147483647;
			files = (
			);
			inputFileListPaths = (
			);
			inputPaths = (
				"${PODS_PODFILE_DIR_PATH}/Podfile.lock",
				"${PODS_ROOT}/Manifest.lock",
			);
			name = "[CP] Check Pods Manifest.lock";
			outputFileListPaths = (
			);
			outputPaths = (
				"$(DERIVED_FILE_DIR)/Pods-Gifer-checkManifestLockResult.txt",
			);
			runOnlyForDeploymentPostprocessing = 0;
			shellPath = /bin/sh;
			shellScript = "diff \"${PODS_PODFILE_DIR_PATH}/Podfile.lock\" \"${PODS_ROOT}/Manifest.lock\" > /dev/null\nif [ $? != 0 ] ; then\n    # print error to STDERR\n    echo \"error: The sandbox is not in sync with the Podfile.lock. Run 'pod install' or update your CocoaPods installation.\" >&2\n    exit 1\nfi\n# This output is used by Xcode 'outputs' to avoid re-running this script phase.\necho \"SUCCESS\" > \"${SCRIPT_OUTPUT_FILE_0}\"\n";
			showEnvVarsInLog = 0;
		};
/* End PBXShellScriptBuildPhase section */

/* Begin PBXSourcesBuildPhase section */
		8C203F73256BBD0600289D5E /* Sources */ = {
			isa = PBXSourcesBuildPhase;
			buildActionMask = 2147483647;
			files = (
				8CC8A1B5256D3CB4001E2259 /* SavedGifs.swift in Sources */,
				8CC8A1B3256D2271001E2259 /* SearchResponse.swift in Sources */,
				8CC8A1BC256D4A81001E2259 /* Gifer.xcdatamodeld in Sources */,
				8C432AB2256BBF6100C0E4DA /* netClient.swift in Sources */,
				8C203F7F256BBD0600289D5E /* ViewController.swift in Sources */,
				8CC8A1AB256CF2CD001E2259 /* Gif+Ext.swift in Sources */,
				8C432AB9256BE50E00C0E4DA /* GifCell.swift in Sources */,
				8CC8A1C2256E5318001E2259 /* PreviewViewController.swift in Sources */,
				8CC8A1BE256D4BC4001E2259 /* DataController.swift in Sources */,
				8CC8A1B7256D41D2001E2259 /* CollectionView+ContexMenu.swift in Sources */,
				8C432AB6256BD82B00C0E4DA /* Gif.swift in Sources */,
				8C203F8F256BBD1A00289D5E /* GifResponse.swift in Sources */,
				8C203F7B256BBD0600289D5E /* AppDelegate.swift in Sources */,
				8CC8A1C0256E4A3D001E2259 /* UITableView+Ext.swift in Sources */,
				8CC8A1AD256CF4A3001E2259 /* LaunchViewController.swift in Sources */,
				8C203F7D256BBD0600289D5E /* SceneDelegate.swift in Sources */,
			);
			runOnlyForDeploymentPostprocessing = 0;
		};
/* End PBXSourcesBuildPhase section */

/* Begin PBXVariantGroup section */
		8C203F80256BBD0600289D5E /* Main.storyboard */ = {
			isa = PBXVariantGroup;
			children = (
				8C203F81256BBD0600289D5E /* Base */,
			);
			name = Main.storyboard;
			sourceTree = "<group>";
		};
		8C203F85256BBD0800289D5E /* LaunchScreen.storyboard */ = {
			isa = PBXVariantGroup;
			children = (
				8C203F86256BBD0800289D5E /* Base */,
			);
			name = LaunchScreen.storyboard;
			sourceTree = "<group>";
		};
/* End PBXVariantGroup section */

/* Begin XCBuildConfiguration section */
		8C203F89256BBD0800289D5E /* Debug */ = {
			isa = XCBuildConfiguration;
			buildSettings = {
				ALWAYS_SEARCH_USER_PATHS = NO;
				CLANG_ANALYZER_NONNULL = YES;
				CLANG_ANALYZER_NUMBER_OBJECT_CONVERSION = YES_AGGRESSIVE;
				CLANG_CXX_LANGUAGE_STANDARD = "gnu++14";
				CLANG_CXX_LIBRARY = "libc++";
				CLANG_ENABLE_MODULES = YES;
				CLANG_ENABLE_OBJC_ARC = YES;
				CLANG_ENABLE_OBJC_WEAK = YES;
				CLANG_WARN_BLOCK_CAPTURE_AUTORELEASING = YES;
				CLANG_WARN_BOOL_CONVERSION = YES;
				CLANG_WARN_COMMA = YES;
				CLANG_WARN_CONSTANT_CONVERSION = YES;
				CLANG_WARN_DEPRECATED_OBJC_IMPLEMENTATIONS = YES;
				CLANG_WARN_DIRECT_OBJC_ISA_USAGE = YES_ERROR;
				CLANG_WARN_DOCUMENTATION_COMMENTS = YES;
				CLANG_WARN_EMPTY_BODY = YES;
				CLANG_WARN_ENUM_CONVERSION = YES;
				CLANG_WARN_INFINITE_RECURSION = YES;
				CLANG_WARN_INT_CONVERSION = YES;
				CLANG_WARN_NON_LITERAL_NULL_CONVERSION = YES;
				CLANG_WARN_OBJC_IMPLICIT_RETAIN_SELF = YES;
				CLANG_WARN_OBJC_LITERAL_CONVERSION = YES;
				CLANG_WARN_OBJC_ROOT_CLASS = YES_ERROR;
				CLANG_WARN_RANGE_LOOP_ANALYSIS = YES;
				CLANG_WARN_STRICT_PROTOTYPES = YES;
				CLANG_WARN_SUSPICIOUS_MOVE = YES;
				CLANG_WARN_UNGUARDED_AVAILABILITY = YES_AGGRESSIVE;
				CLANG_WARN_UNREACHABLE_CODE = YES;
				CLANG_WARN__DUPLICATE_METHOD_MATCH = YES;
				COPY_PHASE_STRIP = NO;
				DEBUG_INFORMATION_FORMAT = dwarf;
				ENABLE_STRICT_OBJC_MSGSEND = YES;
				ENABLE_TESTABILITY = YES;
				GCC_C_LANGUAGE_STANDARD = gnu11;
				GCC_DYNAMIC_NO_PIC = NO;
				GCC_NO_COMMON_BLOCKS = YES;
				GCC_OPTIMIZATION_LEVEL = 0;
				GCC_PREPROCESSOR_DEFINITIONS = (
					"DEBUG=1",
					"$(inherited)",
				);
				GCC_WARN_64_TO_32_BIT_CONVERSION = YES;
				GCC_WARN_ABOUT_RETURN_TYPE = YES_ERROR;
				GCC_WARN_UNDECLARED_SELECTOR = YES;
				GCC_WARN_UNINITIALIZED_AUTOS = YES_AGGRESSIVE;
				GCC_WARN_UNUSED_FUNCTION = YES;
				GCC_WARN_UNUSED_VARIABLE = YES;
				IPHONEOS_DEPLOYMENT_TARGET = 13.2;
				MTL_ENABLE_DEBUG_INFO = INCLUDE_SOURCE;
				MTL_FAST_MATH = YES;
				ONLY_ACTIVE_ARCH = YES;
				SDKROOT = iphoneos;
				SWIFT_ACTIVE_COMPILATION_CONDITIONS = DEBUG;
				SWIFT_OPTIMIZATION_LEVEL = "-Onone";
			};
			name = Debug;
		};
		8C203F8A256BBD0800289D5E /* Release */ = {
			isa = XCBuildConfiguration;
			buildSettings = {
				ALWAYS_SEARCH_USER_PATHS = NO;
				CLANG_ANALYZER_NONNULL = YES;
				CLANG_ANALYZER_NUMBER_OBJECT_CONVERSION = YES_AGGRESSIVE;
				CLANG_CXX_LANGUAGE_STANDARD = "gnu++14";
				CLANG_CXX_LIBRARY = "libc++";
				CLANG_ENABLE_MODULES = YES;
				CLANG_ENABLE_OBJC_ARC = YES;
				CLANG_ENABLE_OBJC_WEAK = YES;
				CLANG_WARN_BLOCK_CAPTURE_AUTORELEASING = YES;
				CLANG_WARN_BOOL_CONVERSION = YES;
				CLANG_WARN_COMMA = YES;
				CLANG_WARN_CONSTANT_CONVERSION = YES;
				CLANG_WARN_DEPRECATED_OBJC_IMPLEMENTATIONS = YES;
				CLANG_WARN_DIRECT_OBJC_ISA_USAGE = YES_ERROR;
				CLANG_WARN_DOCUMENTATION_COMMENTS = YES;
				CLANG_WARN_EMPTY_BODY = YES;
				CLANG_WARN_ENUM_CONVERSION = YES;
				CLANG_WARN_INFINITE_RECURSION = YES;
				CLANG_WARN_INT_CONVERSION = YES;
				CLANG_WARN_NON_LITERAL_NULL_CONVERSION = YES;
				CLANG_WARN_OBJC_IMPLICIT_RETAIN_SELF = YES;
				CLANG_WARN_OBJC_LITERAL_CONVERSION = YES;
				CLANG_WARN_OBJC_ROOT_CLASS = YES_ERROR;
				CLANG_WARN_RANGE_LOOP_ANALYSIS = YES;
				CLANG_WARN_STRICT_PROTOTYPES = YES;
				CLANG_WARN_SUSPICIOUS_MOVE = YES;
				CLANG_WARN_UNGUARDED_AVAILABILITY = YES_AGGRESSIVE;
				CLANG_WARN_UNREACHABLE_CODE = YES;
				CLANG_WARN__DUPLICATE_METHOD_MATCH = YES;
				COPY_PHASE_STRIP = NO;
				DEBUG_INFORMATION_FORMAT = "dwarf-with-dsym";
				ENABLE_NS_ASSERTIONS = NO;
				ENABLE_STRICT_OBJC_MSGSEND = YES;
				GCC_C_LANGUAGE_STANDARD = gnu11;
				GCC_NO_COMMON_BLOCKS = YES;
				GCC_WARN_64_TO_32_BIT_CONVERSION = YES;
				GCC_WARN_ABOUT_RETURN_TYPE = YES_ERROR;
				GCC_WARN_UNDECLARED_SELECTOR = YES;
				GCC_WARN_UNINITIALIZED_AUTOS = YES_AGGRESSIVE;
				GCC_WARN_UNUSED_FUNCTION = YES;
				GCC_WARN_UNUSED_VARIABLE = YES;
				IPHONEOS_DEPLOYMENT_TARGET = 13.2;
				MTL_ENABLE_DEBUG_INFO = NO;
				MTL_FAST_MATH = YES;
				SDKROOT = iphoneos;
				SWIFT_COMPILATION_MODE = wholemodule;
				SWIFT_OPTIMIZATION_LEVEL = "-O";
				VALIDATE_PRODUCT = YES;
			};
			name = Release;
		};
		8C203F8C256BBD0800289D5E /* Debug */ = {
			isa = XCBuildConfiguration;
			baseConfigurationReference = 6A474B75C412674489E9CA77 /* Pods-Gifer.debug.xcconfig */;
			buildSettings = {
				ASSETCATALOG_COMPILER_APPICON_NAME = AppIcon;
				CODE_SIGN_STYLE = Automatic;
				DEVELOPMENT_TEAM = A45L5ADY86;
				INFOPLIST_FILE = Gifer/Info.plist;
				LD_RUNPATH_SEARCH_PATHS = (
					"$(inherited)",
					"@executable_path/Frameworks",
				);
				PRODUCT_BUNDLE_IDENTIFIER = miad.Gifer;
				PRODUCT_NAME = "$(TARGET_NAME)";
				SWIFT_VERSION = 5.0;
				TARGETED_DEVICE_FAMILY = "1,2";
			};
			name = Debug;
		};
		8C203F8D256BBD0800289D5E /* Release */ = {
			isa = XCBuildConfiguration;
			baseConfigurationReference = 0F3D4669A3EAAD29EE9B5ED4 /* Pods-Gifer.release.xcconfig */;
			buildSettings = {
				ASSETCATALOG_COMPILER_APPICON_NAME = AppIcon;
				CODE_SIGN_STYLE = Automatic;
				DEVELOPMENT_TEAM = A45L5ADY86;
				INFOPLIST_FILE = Gifer/Info.plist;
				LD_RUNPATH_SEARCH_PATHS = (
					"$(inherited)",
					"@executable_path/Frameworks",
				);
				PRODUCT_BUNDLE_IDENTIFIER = miad.Gifer;
				PRODUCT_NAME = "$(TARGET_NAME)";
				SWIFT_VERSION = 5.0;
				TARGETED_DEVICE_FAMILY = "1,2";
			};
			name = Release;
		};
/* End XCBuildConfiguration section */

/* Begin XCConfigurationList section */
		8C203F72256BBD0600289D5E /* Build configuration list for PBXProject "Gifer" */ = {
			isa = XCConfigurationList;
			buildConfigurations = (
				8C203F89256BBD0800289D5E /* Debug */,
				8C203F8A256BBD0800289D5E /* Release */,
			);
			defaultConfigurationIsVisible = 0;
			defaultConfigurationName = Release;
		};
		8C203F8B256BBD0800289D5E /* Build configuration list for PBXNativeTarget "Gifer" */ = {
			isa = XCConfigurationList;
			buildConfigurations = (
				8C203F8C256BBD0800289D5E /* Debug */,
				8C203F8D256BBD0800289D5E /* Release */,
			);
			defaultConfigurationIsVisible = 0;
			defaultConfigurationName = Release;
		};
/* End XCConfigurationList section */

/* Begin XCVersionGroup section */
		8CC8A1BA256D4A81001E2259 /* Gifer.xcdatamodeld */ = {
			isa = XCVersionGroup;
			children = (
				8CC8A1BB256D4A81001E2259 /* Gifer.xcdatamodel */,
			);
			currentVersion = 8CC8A1BB256D4A81001E2259 /* Gifer.xcdatamodel */;
			path = Gifer.xcdatamodeld;
			sourceTree = "<group>";
			versionGroupType = wrapper.xcdatamodel;
		};
/* End XCVersionGroup section */
	};
	rootObject = 8C203F6F256BBD0600289D5E /* Project object */;
}
